// !$*UTF8*$!
{
	archiveVersion = 1;
	classes = {
	};
	objectVersion = 55;
	objects = {

/* Begin PBXBuildFile section */
		949C19FE505898E98D5129DA /* Pods_RandomUser_Inc_.framework in Frameworks */ = {isa = PBXBuildFile; fileRef = 0A5E703BAE3085675F067181 /* Pods_RandomUser_Inc_.framework */; };
		B348DDFA3BE48CA826E576CD /* Pods_RandomUser_Inc__RandomUser_Inc_UITests.framework in Frameworks */ = {isa = PBXBuildFile; fileRef = 3C228FCA70D877D42BCD7F47 /* Pods_RandomUser_Inc__RandomUser_Inc_UITests.framework */; };
		BCE0D97427F6D6AA00CDBB6C /* AppDelegate.swift in Sources */ = {isa = PBXBuildFile; fileRef = BCE0D97327F6D6AA00CDBB6C /* AppDelegate.swift */; };
		BCE0D97627F6D6AA00CDBB6C /* SceneDelegate.swift in Sources */ = {isa = PBXBuildFile; fileRef = BCE0D97527F6D6AA00CDBB6C /* SceneDelegate.swift */; };
		BCE0D97827F6D6AA00CDBB6C /* ViewController.swift in Sources */ = {isa = PBXBuildFile; fileRef = BCE0D97727F6D6AA00CDBB6C /* ViewController.swift */; };
		BCE0D97B27F6D6AA00CDBB6C /* Main.storyboard in Resources */ = {isa = PBXBuildFile; fileRef = BCE0D97927F6D6AA00CDBB6C /* Main.storyboard */; };
		BCE0D97D27F6D6AB00CDBB6C /* Assets.xcassets in Resources */ = {isa = PBXBuildFile; fileRef = BCE0D97C27F6D6AB00CDBB6C /* Assets.xcassets */; };
		BCE0D98027F6D6AB00CDBB6C /* LaunchScreen.storyboard in Resources */ = {isa = PBXBuildFile; fileRef = BCE0D97E27F6D6AB00CDBB6C /* LaunchScreen.storyboard */; };
		BCE0D98B27F6D6AC00CDBB6C /* RandomUser_Inc_Tests.swift in Sources */ = {isa = PBXBuildFile; fileRef = BCE0D98A27F6D6AC00CDBB6C /* RandomUser_Inc_Tests.swift */; };
		BCE0D99527F6D6AC00CDBB6C /* RandomUser_Inc_UITests.swift in Sources */ = {isa = PBXBuildFile; fileRef = BCE0D99427F6D6AC00CDBB6C /* RandomUser_Inc_UITests.swift */; };
		BCE0D99727F6D6AC00CDBB6C /* RandomUser_Inc_UITestsLaunchTests.swift in Sources */ = {isa = PBXBuildFile; fileRef = BCE0D99627F6D6AC00CDBB6C /* RandomUser_Inc_UITestsLaunchTests.swift */; };
		CC828182EBD8310D42470A9A /* Pods_RandomUser_Inc_Tests.framework in Frameworks */ = {isa = PBXBuildFile; fileRef = 7C12F94B4381CE447B63A0C5 /* Pods_RandomUser_Inc_Tests.framework */; };
/* End PBXBuildFile section */

/* Begin PBXContainerItemProxy section */
		BCE0D98727F6D6AC00CDBB6C /* PBXContainerItemProxy */ = {
			isa = PBXContainerItemProxy;
			containerPortal = BCE0D96827F6D6A900CDBB6C /* Project object */;
			proxyType = 1;
			remoteGlobalIDString = BCE0D96F27F6D6AA00CDBB6C;
			remoteInfo = "RandomUser-Inc.";
		};
		BCE0D99127F6D6AC00CDBB6C /* PBXContainerItemProxy */ = {
			isa = PBXContainerItemProxy;
			containerPortal = BCE0D96827F6D6A900CDBB6C /* Project object */;
			proxyType = 1;
			remoteGlobalIDString = BCE0D96F27F6D6AA00CDBB6C;
			remoteInfo = "RandomUser-Inc.";
		};
/* End PBXContainerItemProxy section */

/* Begin PBXFileReference section */
		0889482FCB53E52FF0F4AF06 /* Pods-RandomUser-Inc..debug.xcconfig */ = {isa = PBXFileReference; includeInIndex = 1; lastKnownFileType = text.xcconfig; name = "Pods-RandomUser-Inc..debug.xcconfig"; path = "Target Support Files/Pods-RandomUser-Inc./Pods-RandomUser-Inc..debug.xcconfig"; sourceTree = "<group>"; };
		0A5E703BAE3085675F067181 /* Pods_RandomUser_Inc_.framework */ = {isa = PBXFileReference; explicitFileType = wrapper.framework; includeInIndex = 0; path = Pods_RandomUser_Inc_.framework; sourceTree = BUILT_PRODUCTS_DIR; };
		17F3065E3CE5F2F91D410232 /* Pods-RandomUser-Inc.-RandomUser-Inc.UITests.release.xcconfig */ = {isa = PBXFileReference; includeInIndex = 1; lastKnownFileType = text.xcconfig; name = "Pods-RandomUser-Inc.-RandomUser-Inc.UITests.release.xcconfig"; path = "Target Support Files/Pods-RandomUser-Inc.-RandomUser-Inc.UITests/Pods-RandomUser-Inc.-RandomUser-Inc.UITests.release.xcconfig"; sourceTree = "<group>"; };
		3C228FCA70D877D42BCD7F47 /* Pods_RandomUser_Inc__RandomUser_Inc_UITests.framework */ = {isa = PBXFileReference; explicitFileType = wrapper.framework; includeInIndex = 0; path = Pods_RandomUser_Inc__RandomUser_Inc_UITests.framework; sourceTree = BUILT_PRODUCTS_DIR; };
		6ABEF751A0A8BD6E73D70B78 /* Pods-RandomUser-Inc..release.xcconfig */ = {isa = PBXFileReference; includeInIndex = 1; lastKnownFileType = text.xcconfig; name = "Pods-RandomUser-Inc..release.xcconfig"; path = "Target Support Files/Pods-RandomUser-Inc./Pods-RandomUser-Inc..release.xcconfig"; sourceTree = "<group>"; };
		7C12F94B4381CE447B63A0C5 /* Pods_RandomUser_Inc_Tests.framework */ = {isa = PBXFileReference; explicitFileType = wrapper.framework; includeInIndex = 0; path = Pods_RandomUser_Inc_Tests.framework; sourceTree = BUILT_PRODUCTS_DIR; };
		7EE6385E4A060E1D574D93B5 /* Pods-RandomUser-Inc.-RandomUser-Inc.UITests.debug.xcconfig */ = {isa = PBXFileReference; includeInIndex = 1; lastKnownFileType = text.xcconfig; name = "Pods-RandomUser-Inc.-RandomUser-Inc.UITests.debug.xcconfig"; path = "Target Support Files/Pods-RandomUser-Inc.-RandomUser-Inc.UITests/Pods-RandomUser-Inc.-RandomUser-Inc.UITests.debug.xcconfig"; sourceTree = "<group>"; };
		8100F6AA6939638CF789E3B4 /* Pods-RandomUser-Inc.Tests.debug.xcconfig */ = {isa = PBXFileReference; includeInIndex = 1; lastKnownFileType = text.xcconfig; name = "Pods-RandomUser-Inc.Tests.debug.xcconfig"; path = "Target Support Files/Pods-RandomUser-Inc.Tests/Pods-RandomUser-Inc.Tests.debug.xcconfig"; sourceTree = "<group>"; };
		BCE0D97027F6D6AA00CDBB6C /* RandomUser-Inc..app */ = {isa = PBXFileReference; explicitFileType = wrapper.application; includeInIndex = 0; path = "RandomUser-Inc..app"; sourceTree = BUILT_PRODUCTS_DIR; };
		BCE0D97327F6D6AA00CDBB6C /* AppDelegate.swift */ = {isa = PBXFileReference; lastKnownFileType = sourcecode.swift; path = AppDelegate.swift; sourceTree = "<group>"; };
		BCE0D97527F6D6AA00CDBB6C /* SceneDelegate.swift */ = {isa = PBXFileReference; lastKnownFileType = sourcecode.swift; path = SceneDelegate.swift; sourceTree = "<group>"; };
		BCE0D97727F6D6AA00CDBB6C /* ViewController.swift */ = {isa = PBXFileReference; lastKnownFileType = sourcecode.swift; path = ViewController.swift; sourceTree = "<group>"; };
		BCE0D97A27F6D6AA00CDBB6C /* Base */ = {isa = PBXFileReference; lastKnownFileType = file.storyboard; name = Base; path = Base.lproj/Main.storyboard; sourceTree = "<group>"; };
		BCE0D97C27F6D6AB00CDBB6C /* Assets.xcassets */ = {isa = PBXFileReference; lastKnownFileType = folder.assetcatalog; path = Assets.xcassets; sourceTree = "<group>"; };
		BCE0D97F27F6D6AB00CDBB6C /* Base */ = {isa = PBXFileReference; lastKnownFileType = file.storyboard; name = Base; path = Base.lproj/LaunchScreen.storyboard; sourceTree = "<group>"; };
		BCE0D98127F6D6AB00CDBB6C /* Info.plist */ = {isa = PBXFileReference; lastKnownFileType = text.plist.xml; path = Info.plist; sourceTree = "<group>"; };
		BCE0D98627F6D6AC00CDBB6C /* RandomUser-Inc.Tests.xctest */ = {isa = PBXFileReference; explicitFileType = wrapper.cfbundle; includeInIndex = 0; path = "RandomUser-Inc.Tests.xctest"; sourceTree = BUILT_PRODUCTS_DIR; };
		BCE0D98A27F6D6AC00CDBB6C /* RandomUser_Inc_Tests.swift */ = {isa = PBXFileReference; lastKnownFileType = sourcecode.swift; path = RandomUser_Inc_Tests.swift; sourceTree = "<group>"; };
		BCE0D99027F6D6AC00CDBB6C /* RandomUser-Inc.UITests.xctest */ = {isa = PBXFileReference; explicitFileType = wrapper.cfbundle; includeInIndex = 0; path = "RandomUser-Inc.UITests.xctest"; sourceTree = BUILT_PRODUCTS_DIR; };
		BCE0D99427F6D6AC00CDBB6C /* RandomUser_Inc_UITests.swift */ = {isa = PBXFileReference; lastKnownFileType = sourcecode.swift; path = RandomUser_Inc_UITests.swift; sourceTree = "<group>"; };
		BCE0D99627F6D6AC00CDBB6C /* RandomUser_Inc_UITestsLaunchTests.swift */ = {isa = PBXFileReference; lastKnownFileType = sourcecode.swift; path = RandomUser_Inc_UITestsLaunchTests.swift; sourceTree = "<group>"; };
		C0729737965872C4D7E01C24 /* Pods-RandomUser-Inc.Tests.release.xcconfig */ = {isa = PBXFileReference; includeInIndex = 1; lastKnownFileType = text.xcconfig; name = "Pods-RandomUser-Inc.Tests.release.xcconfig"; path = "Target Support Files/Pods-RandomUser-Inc.Tests/Pods-RandomUser-Inc.Tests.release.xcconfig"; sourceTree = "<group>"; };
/* End PBXFileReference section */

/* Begin PBXFrameworksBuildPhase section */
		BCE0D96D27F6D6AA00CDBB6C /* Frameworks */ = {
			isa = PBXFrameworksBuildPhase;
			buildActionMask = 2147483647;
			files = (
				949C19FE505898E98D5129DA /* Pods_RandomUser_Inc_.framework in Frameworks */,
			);
			runOnlyForDeploymentPostprocessing = 0;
		};
		BCE0D98327F6D6AC00CDBB6C /* Frameworks */ = {
			isa = PBXFrameworksBuildPhase;
			buildActionMask = 2147483647;
			files = (
				CC828182EBD8310D42470A9A /* Pods_RandomUser_Inc_Tests.framework in Frameworks */,
			);
			runOnlyForDeploymentPostprocessing = 0;
		};
		BCE0D98D27F6D6AC00CDBB6C /* Frameworks */ = {
			isa = PBXFrameworksBuildPhase;
			buildActionMask = 2147483647;
			files = (
				B348DDFA3BE48CA826E576CD /* Pods_RandomUser_Inc__RandomUser_Inc_UITests.framework in Frameworks */,
			);
			runOnlyForDeploymentPostprocessing = 0;
		};
/* End PBXFrameworksBuildPhase section */

/* Begin PBXGroup section */
		4FB50AB77FD122F22773EC6E /* Pods */ = {
			isa = PBXGroup;
			children = (
				0889482FCB53E52FF0F4AF06 /* Pods-RandomUser-Inc..debug.xcconfig */,
				6ABEF751A0A8BD6E73D70B78 /* Pods-RandomUser-Inc..release.xcconfig */,
				7EE6385E4A060E1D574D93B5 /* Pods-RandomUser-Inc.-RandomUser-Inc.UITests.debug.xcconfig */,
				17F3065E3CE5F2F91D410232 /* Pods-RandomUser-Inc.-RandomUser-Inc.UITests.release.xcconfig */,
				8100F6AA6939638CF789E3B4 /* Pods-RandomUser-Inc.Tests.debug.xcconfig */,
				C0729737965872C4D7E01C24 /* Pods-RandomUser-Inc.Tests.release.xcconfig */,
			);
			path = Pods;
			sourceTree = "<group>";
		};
		BCE0D96727F6D6A900CDBB6C = {
			isa = PBXGroup;
			children = (
				BCE0D97227F6D6AA00CDBB6C /* RandomUser-Inc. */,
				BCE0D98927F6D6AC00CDBB6C /* RandomUser-Inc.Tests */,
				BCE0D99327F6D6AC00CDBB6C /* RandomUser-Inc.UITests */,
				BCE0D97127F6D6AA00CDBB6C /* Products */,
				4FB50AB77FD122F22773EC6E /* Pods */,
				C213712F72B6A601F075328D /* Frameworks */,
			);
			sourceTree = "<group>";
		};
		BCE0D97127F6D6AA00CDBB6C /* Products */ = {
			isa = PBXGroup;
			children = (
				BCE0D97027F6D6AA00CDBB6C /* RandomUser-Inc..app */,
				BCE0D98627F6D6AC00CDBB6C /* RandomUser-Inc.Tests.xctest */,
				BCE0D99027F6D6AC00CDBB6C /* RandomUser-Inc.UITests.xctest */,
			);
			name = Products;
			sourceTree = "<group>";
		};
		BCE0D97227F6D6AA00CDBB6C /* RandomUser-Inc. */ = {
			isa = PBXGroup;
			children = (
				BCE0D97327F6D6AA00CDBB6C /* AppDelegate.swift */,
				BCE0D97527F6D6AA00CDBB6C /* SceneDelegate.swift */,
				BCE0D97727F6D6AA00CDBB6C /* ViewController.swift */,
				BCE0D97927F6D6AA00CDBB6C /* Main.storyboard */,
				BCE0D97C27F6D6AB00CDBB6C /* Assets.xcassets */,
				BCE0D97E27F6D6AB00CDBB6C /* LaunchScreen.storyboard */,
				BCE0D98127F6D6AB00CDBB6C /* Info.plist */,
			);
			path = "RandomUser-Inc.";
			sourceTree = "<group>";
		};
		BCE0D98927F6D6AC00CDBB6C /* RandomUser-Inc.Tests */ = {
			isa = PBXGroup;
			children = (
				BCE0D98A27F6D6AC00CDBB6C /* RandomUser_Inc_Tests.swift */,
			);
			path = "RandomUser-Inc.Tests";
			sourceTree = "<group>";
		};
		BCE0D99327F6D6AC00CDBB6C /* RandomUser-Inc.UITests */ = {
			isa = PBXGroup;
			children = (
				BCE0D99427F6D6AC00CDBB6C /* RandomUser_Inc_UITests.swift */,
				BCE0D99627F6D6AC00CDBB6C /* RandomUser_Inc_UITestsLaunchTests.swift */,
			);
			path = "RandomUser-Inc.UITests";
			sourceTree = "<group>";
		};
		C213712F72B6A601F075328D /* Frameworks */ = {
			isa = PBXGroup;
			children = (
				0A5E703BAE3085675F067181 /* Pods_RandomUser_Inc_.framework */,
				3C228FCA70D877D42BCD7F47 /* Pods_RandomUser_Inc__RandomUser_Inc_UITests.framework */,
				7C12F94B4381CE447B63A0C5 /* Pods_RandomUser_Inc_Tests.framework */,
			);
			name = Frameworks;
			sourceTree = "<group>";
		};
/* End PBXGroup section */

/* Begin PBXNativeTarget section */
		BCE0D96F27F6D6AA00CDBB6C /* RandomUser-Inc. */ = {
			isa = PBXNativeTarget;
			buildConfigurationList = BCE0D99A27F6D6AC00CDBB6C /* Build configuration list for PBXNativeTarget "RandomUser-Inc." */;
			buildPhases = (
				5CE492EB8EE2BA67896896EE /* [CP] Check Pods Manifest.lock */,
				BCE0D96C27F6D6AA00CDBB6C /* Sources */,
				BCE0D96D27F6D6AA00CDBB6C /* Frameworks */,
				BCE0D96E27F6D6AA00CDBB6C /* Resources */,
				BCE0D9A327F6E14400CDBB6C /* SwiftLint */,
				4098D1BE32D1C9D4DAC06ABB /* [CP] Embed Pods Frameworks */,
			);
			buildRules = (
			);
			dependencies = (
			);
			name = "RandomUser-Inc.";
			productName = "RandomUser-Inc.";
			productReference = BCE0D97027F6D6AA00CDBB6C /* RandomUser-Inc..app */;
			productType = "com.apple.product-type.application";
		};
		BCE0D98527F6D6AC00CDBB6C /* RandomUser-Inc.Tests */ = {
			isa = PBXNativeTarget;
			buildConfigurationList = BCE0D99D27F6D6AC00CDBB6C /* Build configuration list for PBXNativeTarget "RandomUser-Inc.Tests" */;
			buildPhases = (
				B9E7F64DC7FA463D4D8CEE0A /* [CP] Check Pods Manifest.lock */,
				BCE0D98227F6D6AC00CDBB6C /* Sources */,
				BCE0D98327F6D6AC00CDBB6C /* Frameworks */,
				BCE0D98427F6D6AC00CDBB6C /* Resources */,
				BCC5914816C63342F5F31221 /* [CP] Embed Pods Frameworks */,
			);
			buildRules = (
			);
			dependencies = (
				BCE0D98827F6D6AC00CDBB6C /* PBXTargetDependency */,
			);
			name = "RandomUser-Inc.Tests";
			productName = "RandomUser-Inc.Tests";
			productReference = BCE0D98627F6D6AC00CDBB6C /* RandomUser-Inc.Tests.xctest */;
			productType = "com.apple.product-type.bundle.unit-test";
		};
		BCE0D98F27F6D6AC00CDBB6C /* RandomUser-Inc.UITests */ = {
			isa = PBXNativeTarget;
			buildConfigurationList = BCE0D9A027F6D6AC00CDBB6C /* Build configuration list for PBXNativeTarget "RandomUser-Inc.UITests" */;
			buildPhases = (
				A965AFE405E2D43355D01574 /* [CP] Check Pods Manifest.lock */,
				BCE0D98C27F6D6AC00CDBB6C /* Sources */,
				BCE0D98D27F6D6AC00CDBB6C /* Frameworks */,
				BCE0D98E27F6D6AC00CDBB6C /* Resources */,
				B8033569CCB229D0B325C270 /* [CP] Embed Pods Frameworks */,
			);
			buildRules = (
			);
			dependencies = (
				BCE0D99227F6D6AC00CDBB6C /* PBXTargetDependency */,
			);
			name = "RandomUser-Inc.UITests";
			productName = "RandomUser-Inc.UITests";
			productReference = BCE0D99027F6D6AC00CDBB6C /* RandomUser-Inc.UITests.xctest */;
			productType = "com.apple.product-type.bundle.ui-testing";
		};
/* End PBXNativeTarget section */

/* Begin PBXProject section */
		BCE0D96827F6D6A900CDBB6C /* Project object */ = {
			isa = PBXProject;
			attributes = {
				BuildIndependentTargetsInParallel = 1;
				LastSwiftUpdateCheck = 1330;
				LastUpgradeCheck = 1330;
				TargetAttributes = {
					BCE0D96F27F6D6AA00CDBB6C = {
						CreatedOnToolsVersion = 13.3;
					};
					BCE0D98527F6D6AC00CDBB6C = {
						CreatedOnToolsVersion = 13.3;
						TestTargetID = BCE0D96F27F6D6AA00CDBB6C;
					};
					BCE0D98F27F6D6AC00CDBB6C = {
						CreatedOnToolsVersion = 13.3;
						TestTargetID = BCE0D96F27F6D6AA00CDBB6C;
					};
				};
			};
			buildConfigurationList = BCE0D96B27F6D6A900CDBB6C /* Build configuration list for PBXProject "RandomUser-Inc." */;
			compatibilityVersion = "Xcode 13.0";
			developmentRegion = en;
			hasScannedForEncodings = 0;
			knownRegions = (
				en,
				Base,
			);
			mainGroup = BCE0D96727F6D6A900CDBB6C;
			productRefGroup = BCE0D97127F6D6AA00CDBB6C /* Products */;
			projectDirPath = "";
			projectRoot = "";
			targets = (
				BCE0D96F27F6D6AA00CDBB6C /* RandomUser-Inc. */,
				BCE0D98527F6D6AC00CDBB6C /* RandomUser-Inc.Tests */,
				BCE0D98F27F6D6AC00CDBB6C /* RandomUser-Inc.UITests */,
			);
		};
/* End PBXProject section */

/* Begin PBXResourcesBuildPhase section */
		BCE0D96E27F6D6AA00CDBB6C /* Resources */ = {
			isa = PBXResourcesBuildPhase;
			buildActionMask = 2147483647;
			files = (
				BCE0D98027F6D6AB00CDBB6C /* LaunchScreen.storyboard in Resources */,
				BCE0D97D27F6D6AB00CDBB6C /* Assets.xcassets in Resources */,
				BCE0D97B27F6D6AA00CDBB6C /* Main.storyboard in Resources */,
			);
			runOnlyForDeploymentPostprocessing = 0;
		};
		BCE0D98427F6D6AC00CDBB6C /* Resources */ = {
			isa = PBXResourcesBuildPhase;
			buildActionMask = 2147483647;
			files = (
			);
			runOnlyForDeploymentPostprocessing = 0;
		};
		BCE0D98E27F6D6AC00CDBB6C /* Resources */ = {
			isa = PBXResourcesBuildPhase;
			buildActionMask = 2147483647;
			files = (
			);
			runOnlyForDeploymentPostprocessing = 0;
		};
/* End PBXResourcesBuildPhase section */

/* Begin PBXShellScriptBuildPhase section */
		4098D1BE32D1C9D4DAC06ABB /* [CP] Embed Pods Frameworks */ = {
			isa = PBXShellScriptBuildPhase;
			buildActionMask = 2147483647;
			files = (
			);
			inputFileListPaths = (
				"${PODS_ROOT}/Target Support Files/Pods-RandomUser-Inc./Pods-RandomUser-Inc.-frameworks-${CONFIGURATION}-input-files.xcfilelist",
			);
			name = "[CP] Embed Pods Frameworks";
			outputFileListPaths = (
				"${PODS_ROOT}/Target Support Files/Pods-RandomUser-Inc./Pods-RandomUser-Inc.-frameworks-${CONFIGURATION}-output-files.xcfilelist",
			);
			runOnlyForDeploymentPostprocessing = 0;
			shellPath = /bin/sh;
			shellScript = "\"${PODS_ROOT}/Target Support Files/Pods-RandomUser-Inc./Pods-RandomUser-Inc.-frameworks.sh\"\n";
			showEnvVarsInLog = 0;
		};
		5CE492EB8EE2BA67896896EE /* [CP] Check Pods Manifest.lock */ = {
			isa = PBXShellScriptBuildPhase;
			buildActionMask = 2147483647;
			files = (
			);
			inputFileListPaths = (
			);
			inputPaths = (
				"${PODS_PODFILE_DIR_PATH}/Podfile.lock",
				"${PODS_ROOT}/Manifest.lock",
			);
			name = "[CP] Check Pods Manifest.lock";
			outputFileListPaths = (
			);
			outputPaths = (
				"$(DERIVED_FILE_DIR)/Pods-RandomUser-Inc.-checkManifestLockResult.txt",
			);
			runOnlyForDeploymentPostprocessing = 0;
			shellPath = /bin/sh;
			shellScript = "diff \"${PODS_PODFILE_DIR_PATH}/Podfile.lock\" \"${PODS_ROOT}/Manifest.lock\" > /dev/null\nif [ $? != 0 ] ; then\n    # print error to STDERR\n    echo \"error: The sandbox is not in sync with the Podfile.lock. Run 'pod install' or update your CocoaPods installation.\" >&2\n    exit 1\nfi\n# This output is used by Xcode 'outputs' to avoid re-running this script phase.\necho \"SUCCESS\" > \"${SCRIPT_OUTPUT_FILE_0}\"\n";
			showEnvVarsInLog = 0;
		};
		A965AFE405E2D43355D01574 /* [CP] Check Pods Manifest.lock */ = {
			isa = PBXShellScriptBuildPhase;
			buildActionMask = 2147483647;
			files = (
			);
			inputFileListPaths = (
			);
			inputPaths = (
				"${PODS_PODFILE_DIR_PATH}/Podfile.lock",
				"${PODS_ROOT}/Manifest.lock",
			);
			name = "[CP] Check Pods Manifest.lock";
			outputFileListPaths = (
			);
			outputPaths = (
				"$(DERIVED_FILE_DIR)/Pods-RandomUser-Inc.-RandomUser-Inc.UITests-checkManifestLockResult.txt",
			);
			runOnlyForDeploymentPostprocessing = 0;
			shellPath = /bin/sh;
			shellScript = "diff \"${PODS_PODFILE_DIR_PATH}/Podfile.lock\" \"${PODS_ROOT}/Manifest.lock\" > /dev/null\nif [ $? != 0 ] ; then\n    # print error to STDERR\n    echo \"error: The sandbox is not in sync with the Podfile.lock. Run 'pod install' or update your CocoaPods installation.\" >&2\n    exit 1\nfi\n# This output is used by Xcode 'outputs' to avoid re-running this script phase.\necho \"SUCCESS\" > \"${SCRIPT_OUTPUT_FILE_0}\"\n";
			showEnvVarsInLog = 0;
		};
		B8033569CCB229D0B325C270 /* [CP] Embed Pods Frameworks */ = {
			isa = PBXShellScriptBuildPhase;
			buildActionMask = 2147483647;
			files = (
			);
			inputFileListPaths = (
				"${PODS_ROOT}/Target Support Files/Pods-RandomUser-Inc.-RandomUser-Inc.UITests/Pods-RandomUser-Inc.-RandomUser-Inc.UITests-frameworks-${CONFIGURATION}-input-files.xcfilelist",
			);
			name = "[CP] Embed Pods Frameworks";
			outputFileListPaths = (
				"${PODS_ROOT}/Target Support Files/Pods-RandomUser-Inc.-RandomUser-Inc.UITests/Pods-RandomUser-Inc.-RandomUser-Inc.UITests-frameworks-${CONFIGURATION}-output-files.xcfilelist",
			);
			runOnlyForDeploymentPostprocessing = 0;
			shellPath = /bin/sh;
			shellScript = "\"${PODS_ROOT}/Target Support Files/Pods-RandomUser-Inc.-RandomUser-Inc.UITests/Pods-RandomUser-Inc.-RandomUser-Inc.UITests-frameworks.sh\"\n";
			showEnvVarsInLog = 0;
		};
		B9E7F64DC7FA463D4D8CEE0A /* [CP] Check Pods Manifest.lock */ = {
			isa = PBXShellScriptBuildPhase;
			buildActionMask = 2147483647;
			files = (
			);
			inputFileListPaths = (
			);
			inputPaths = (
				"${PODS_PODFILE_DIR_PATH}/Podfile.lock",
				"${PODS_ROOT}/Manifest.lock",
			);
			name = "[CP] Check Pods Manifest.lock";
			outputFileListPaths = (
			);
			outputPaths = (
				"$(DERIVED_FILE_DIR)/Pods-RandomUser-Inc.Tests-checkManifestLockResult.txt",
			);
			runOnlyForDeploymentPostprocessing = 0;
			shellPath = /bin/sh;
			shellScript = "diff \"${PODS_PODFILE_DIR_PATH}/Podfile.lock\" \"${PODS_ROOT}/Manifest.lock\" > /dev/null\nif [ $? != 0 ] ; then\n    # print error to STDERR\n    echo \"error: The sandbox is not in sync with the Podfile.lock. Run 'pod install' or update your CocoaPods installation.\" >&2\n    exit 1\nfi\n# This output is used by Xcode 'outputs' to avoid re-running this script phase.\necho \"SUCCESS\" > \"${SCRIPT_OUTPUT_FILE_0}\"\n";
			showEnvVarsInLog = 0;
		};
		BCC5914816C63342F5F31221 /* [CP] Embed Pods Frameworks */ = {
			isa = PBXShellScriptBuildPhase;
			buildActionMask = 2147483647;
			files = (
			);
			inputFileListPaths = (
				"${PODS_ROOT}/Target Support Files/Pods-RandomUser-Inc.Tests/Pods-RandomUser-Inc.Tests-frameworks-${CONFIGURATION}-input-files.xcfilelist",
			);
			name = "[CP] Embed Pods Frameworks";
			outputFileListPaths = (
				"${PODS_ROOT}/Target Support Files/Pods-RandomUser-Inc.Tests/Pods-RandomUser-Inc.Tests-frameworks-${CONFIGURATION}-output-files.xcfilelist",
			);
			runOnlyForDeploymentPostprocessing = 0;
			shellPath = /bin/sh;
			shellScript = "\"${PODS_ROOT}/Target Support Files/Pods-RandomUser-Inc.Tests/Pods-RandomUser-Inc.Tests-frameworks.sh\"\n";
			showEnvVarsInLog = 0;
		};
		BCE0D9A327F6E14400CDBB6C /* SwiftLint */ = {
			isa = PBXShellScriptBuildPhase;
			buildActionMask = 2147483647;
			files = (
			);
			inputFileListPaths = (
			);
			inputPaths = (
			);
			name = SwiftLint;
			outputFileListPaths = (
			);
			outputPaths = (
			);
			runOnlyForDeploymentPostprocessing = 0;
			shellPath = /bin/sh;
			shellScript = "\"${PODS_ROOT}/SwiftLint/swiftlint\"\n";
		};
/* End PBXShellScriptBuildPhase section */

/* Begin PBXSourcesBuildPhase section */
		BCE0D96C27F6D6AA00CDBB6C /* Sources */ = {
			isa = PBXSourcesBuildPhase;
			buildActionMask = 2147483647;
			files = (
				BCE0D97827F6D6AA00CDBB6C /* ViewController.swift in Sources */,
				BCE0D97427F6D6AA00CDBB6C /* AppDelegate.swift in Sources */,
				BCE0D97627F6D6AA00CDBB6C /* SceneDelegate.swift in Sources */,
			);
			runOnlyForDeploymentPostprocessing = 0;
		};
		BCE0D98227F6D6AC00CDBB6C /* Sources */ = {
			isa = PBXSourcesBuildPhase;
			buildActionMask = 2147483647;
			files = (
				BCE0D98B27F6D6AC00CDBB6C /* RandomUser_Inc_Tests.swift in Sources */,
			);
			runOnlyForDeploymentPostprocessing = 0;
		};
		BCE0D98C27F6D6AC00CDBB6C /* Sources */ = {
			isa = PBXSourcesBuildPhase;
			buildActionMask = 2147483647;
			files = (
				BCE0D99527F6D6AC00CDBB6C /* RandomUser_Inc_UITests.swift in Sources */,
				BCE0D99727F6D6AC00CDBB6C /* RandomUser_Inc_UITestsLaunchTests.swift in Sources */,
			);
			runOnlyForDeploymentPostprocessing = 0;
		};
/* End PBXSourcesBuildPhase section */

/* Begin PBXTargetDependency section */
		BCE0D98827F6D6AC00CDBB6C /* PBXTargetDependency */ = {
			isa = PBXTargetDependency;
			target = BCE0D96F27F6D6AA00CDBB6C /* RandomUser-Inc. */;
			targetProxy = BCE0D98727F6D6AC00CDBB6C /* PBXContainerItemProxy */;
		};
		BCE0D99227F6D6AC00CDBB6C /* PBXTargetDependency */ = {
			isa = PBXTargetDependency;
			target = BCE0D96F27F6D6AA00CDBB6C /* RandomUser-Inc. */;
			targetProxy = BCE0D99127F6D6AC00CDBB6C /* PBXContainerItemProxy */;
		};
/* End PBXTargetDependency section */

/* Begin PBXVariantGroup section */
		BCE0D97927F6D6AA00CDBB6C /* Main.storyboard */ = {
			isa = PBXVariantGroup;
			children = (
				BCE0D97A27F6D6AA00CDBB6C /* Base */,
			);
			name = Main.storyboard;
			sourceTree = "<group>";
		};
		BCE0D97E27F6D6AB00CDBB6C /* LaunchScreen.storyboard */ = {
			isa = PBXVariantGroup;
			children = (
				BCE0D97F27F6D6AB00CDBB6C /* Base */,
			);
			name = LaunchScreen.storyboard;
			sourceTree = "<group>";
		};
/* End PBXVariantGroup section */

/* Begin XCBuildConfiguration section */
		BCE0D99827F6D6AC00CDBB6C /* Debug */ = {
			isa = XCBuildConfiguration;
			buildSettings = {
				ALWAYS_SEARCH_USER_PATHS = NO;
				CLANG_ANALYZER_NONNULL = YES;
				CLANG_ANALYZER_NUMBER_OBJECT_CONVERSION = YES_AGGRESSIVE;
				CLANG_CXX_LANGUAGE_STANDARD = "gnu++17";
				CLANG_ENABLE_MODULES = YES;
				CLANG_ENABLE_OBJC_ARC = YES;
				CLANG_ENABLE_OBJC_WEAK = YES;
				CLANG_WARN_BLOCK_CAPTURE_AUTORELEASING = YES;
				CLANG_WARN_BOOL_CONVERSION = YES;
				CLANG_WARN_COMMA = YES;
				CLANG_WARN_CONSTANT_CONVERSION = YES;
				CLANG_WARN_DEPRECATED_OBJC_IMPLEMENTATIONS = YES;
				CLANG_WARN_DIRECT_OBJC_ISA_USAGE = YES_ERROR;
				CLANG_WARN_DOCUMENTATION_COMMENTS = YES;
				CLANG_WARN_EMPTY_BODY = YES;
				CLANG_WARN_ENUM_CONVERSION = YES;
				CLANG_WARN_INFINITE_RECURSION = YES;
				CLANG_WARN_INT_CONVERSION = YES;
				CLANG_WARN_NON_LITERAL_NULL_CONVERSION = YES;
				CLANG_WARN_OBJC_IMPLICIT_RETAIN_SELF = YES;
				CLANG_WARN_OBJC_LITERAL_CONVERSION = YES;
				CLANG_WARN_OBJC_ROOT_CLASS = YES_ERROR;
				CLANG_WARN_QUOTED_INCLUDE_IN_FRAMEWORK_HEADER = YES;
				CLANG_WARN_RANGE_LOOP_ANALYSIS = YES;
				CLANG_WARN_STRICT_PROTOTYPES = YES;
				CLANG_WARN_SUSPICIOUS_MOVE = YES;
				CLANG_WARN_UNGUARDED_AVAILABILITY = YES_AGGRESSIVE;
				CLANG_WARN_UNREACHABLE_CODE = YES;
				CLANG_WARN__DUPLICATE_METHOD_MATCH = YES;
				COPY_PHASE_STRIP = NO;
				DEBUG_INFORMATION_FORMAT = dwarf;
				ENABLE_STRICT_OBJC_MSGSEND = YES;
				ENABLE_TESTABILITY = YES;
				GCC_C_LANGUAGE_STANDARD = gnu11;
				GCC_DYNAMIC_NO_PIC = NO;
				GCC_NO_COMMON_BLOCKS = YES;
				GCC_OPTIMIZATION_LEVEL = 0;
				GCC_PREPROCESSOR_DEFINITIONS = (
					"DEBUG=1",
					"$(inherited)",
				);
				GCC_WARN_64_TO_32_BIT_CONVERSION = YES;
				GCC_WARN_ABOUT_RETURN_TYPE = YES_ERROR;
				GCC_WARN_UNDECLARED_SELECTOR = YES;
				GCC_WARN_UNINITIALIZED_AUTOS = YES_AGGRESSIVE;
				GCC_WARN_UNUSED_FUNCTION = YES;
				GCC_WARN_UNUSED_VARIABLE = YES;
				IPHONEOS_DEPLOYMENT_TARGET = 15.4;
				MTL_ENABLE_DEBUG_INFO = INCLUDE_SOURCE;
				MTL_FAST_MATH = YES;
				ONLY_ACTIVE_ARCH = YES;
				SDKROOT = iphoneos;
				SWIFT_ACTIVE_COMPILATION_CONDITIONS = DEBUG;
				SWIFT_OPTIMIZATION_LEVEL = "-Onone";
			};
			name = Debug;
		};
		BCE0D99927F6D6AC00CDBB6C /* Release */ = {
			isa = XCBuildConfiguration;
			buildSettings = {
				ALWAYS_SEARCH_USER_PATHS = NO;
				CLANG_ANALYZER_NONNULL = YES;
				CLANG_ANALYZER_NUMBER_OBJECT_CONVERSION = YES_AGGRESSIVE;
				CLANG_CXX_LANGUAGE_STANDARD = "gnu++17";
				CLANG_ENABLE_MODULES = YES;
				CLANG_ENABLE_OBJC_ARC = YES;
				CLANG_ENABLE_OBJC_WEAK = YES;
				CLANG_WARN_BLOCK_CAPTURE_AUTORELEASING = YES;
				CLANG_WARN_BOOL_CONVERSION = YES;
				CLANG_WARN_COMMA = YES;
				CLANG_WARN_CONSTANT_CONVERSION = YES;
				CLANG_WARN_DEPRECATED_OBJC_IMPLEMENTATIONS = YES;
				CLANG_WARN_DIRECT_OBJC_ISA_USAGE = YES_ERROR;
				CLANG_WARN_DOCUMENTATION_COMMENTS = YES;
				CLANG_WARN_EMPTY_BODY = YES;
				CLANG_WARN_ENUM_CONVERSION = YES;
				CLANG_WARN_INFINITE_RECURSION = YES;
				CLANG_WARN_INT_CONVERSION = YES;
				CLANG_WARN_NON_LITERAL_NULL_CONVERSION = YES;
				CLANG_WARN_OBJC_IMPLICIT_RETAIN_SELF = YES;
				CLANG_WARN_OBJC_LITERAL_CONVERSION = YES;
				CLANG_WARN_OBJC_ROOT_CLASS = YES_ERROR;
				CLANG_WARN_QUOTED_INCLUDE_IN_FRAMEWORK_HEADER = YES;
				CLANG_WARN_RANGE_LOOP_ANALYSIS = YES;
				CLANG_WARN_STRICT_PROTOTYPES = YES;
				CLANG_WARN_SUSPICIOUS_MOVE = YES;
				CLANG_WARN_UNGUARDED_AVAILABILITY = YES_AGGRESSIVE;
				CLANG_WARN_UNREACHABLE_CODE = YES;
				CLANG_WARN__DUPLICATE_METHOD_MATCH = YES;
				COPY_PHASE_STRIP = NO;
				DEBUG_INFORMATION_FORMAT = "dwarf-with-dsym";
				ENABLE_NS_ASSERTIONS = NO;
				ENABLE_STRICT_OBJC_MSGSEND = YES;
				GCC_C_LANGUAGE_STANDARD = gnu11;
				GCC_NO_COMMON_BLOCKS = YES;
				GCC_WARN_64_TO_32_BIT_CONVERSION = YES;
				GCC_WARN_ABOUT_RETURN_TYPE = YES_ERROR;
				GCC_WARN_UNDECLARED_SELECTOR = YES;
				GCC_WARN_UNINITIALIZED_AUTOS = YES_AGGRESSIVE;
				GCC_WARN_UNUSED_FUNCTION = YES;
				GCC_WARN_UNUSED_VARIABLE = YES;
				IPHONEOS_DEPLOYMENT_TARGET = 15.4;
				MTL_ENABLE_DEBUG_INFO = NO;
				MTL_FAST_MATH = YES;
				SDKROOT = iphoneos;
				SWIFT_COMPILATION_MODE = wholemodule;
				SWIFT_OPTIMIZATION_LEVEL = "-O";
				VALIDATE_PRODUCT = YES;
			};
			name = Release;
		};
		BCE0D99B27F6D6AC00CDBB6C /* Debug */ = {
			isa = XCBuildConfiguration;
			baseConfigurationReference = 0889482FCB53E52FF0F4AF06 /* Pods-RandomUser-Inc..debug.xcconfig */;
			buildSettings = {
				ASSETCATALOG_COMPILER_APPICON_NAME = AppIcon;
				ASSETCATALOG_COMPILER_GLOBAL_ACCENT_COLOR_NAME = AccentColor;
				CODE_SIGN_STYLE = Automatic;
				CURRENT_PROJECT_VERSION = 1;
				DEVELOPMENT_TEAM = 99U94D6VXV;
				GENERATE_INFOPLIST_FILE = YES;
				INFOPLIST_FILE = "RandomUser-Inc./Info.plist";
				INFOPLIST_KEY_UIApplicationSupportsIndirectInputEvents = YES;
				INFOPLIST_KEY_UILaunchStoryboardName = LaunchScreen;
				INFOPLIST_KEY_UIMainStoryboardFile = Main;
				INFOPLIST_KEY_UISupportedInterfaceOrientations_iPad = "UIInterfaceOrientationPortrait UIInterfaceOrientationPortraitUpsideDown UIInterfaceOrientationLandscapeLeft UIInterfaceOrientationLandscapeRight";
				INFOPLIST_KEY_UISupportedInterfaceOrientations_iPhone = "UIInterfaceOrientationPortrait UIInterfaceOrientationLandscapeLeft UIInterfaceOrientationLandscapeRight";
				LD_RUNPATH_SEARCH_PATHS = (
					"$(inherited)",
					"@executable_path/Frameworks",
				);
				MARKETING_VERSION = 1.0;
				PRODUCT_BUNDLE_IDENTIFIER = "com.pvallsortiz.RandomUser-Inc-";
				PRODUCT_NAME = "$(TARGET_NAME)";
				SWIFT_EMIT_LOC_STRINGS = YES;
				SWIFT_VERSION = 5.0;
				TARGETED_DEVICE_FAMILY = "1,2";
			};
			name = Debug;
		};
		BCE0D99C27F6D6AC00CDBB6C /* Release */ = {
			isa = XCBuildConfiguration;
			baseConfigurationReference = 6ABEF751A0A8BD6E73D70B78 /* Pods-RandomUser-Inc..release.xcconfig */;
			buildSettings = {
				ASSETCATALOG_COMPILER_APPICON_NAME = AppIcon;
				ASSETCATALOG_COMPILER_GLOBAL_ACCENT_COLOR_NAME = AccentColor;
				CODE_SIGN_STYLE = Automatic;
				CURRENT_PROJECT_VERSION = 1;
				DEVELOPMENT_TEAM = 99U94D6VXV;
				GENERATE_INFOPLIST_FILE = YES;
				INFOPLIST_FILE = "RandomUser-Inc./Info.plist";
				INFOPLIST_KEY_UIApplicationSupportsIndirectInputEvents = YES;
				INFOPLIST_KEY_UILaunchStoryboardName = LaunchScreen;
				INFOPLIST_KEY_UIMainStoryboardFile = Main;
				INFOPLIST_KEY_UISupportedInterfaceOrientations_iPad = "UIInterfaceOrientationPortrait UIInterfaceOrientationPortraitUpsideDown UIInterfaceOrientationLandscapeLeft UIInterfaceOrientationLandscapeRight";
				INFOPLIST_KEY_UISupportedInterfaceOrientations_iPhone = "UIInterfaceOrientationPortrait UIInterfaceOrientationLandscapeLeft UIInterfaceOrientationLandscapeRight";
				LD_RUNPATH_SEARCH_PATHS = (
					"$(inherited)",
					"@executable_path/Frameworks",
				);
				MARKETING_VERSION = 1.0;
				PRODUCT_BUNDLE_IDENTIFIER = "com.pvallsortiz.RandomUser-Inc-";
				PRODUCT_NAME = "$(TARGET_NAME)";
				SWIFT_EMIT_LOC_STRINGS = YES;
				SWIFT_VERSION = 5.0;
				TARGETED_DEVICE_FAMILY = "1,2";
			};
			name = Release;
		};
		BCE0D99E27F6D6AC00CDBB6C /* Debug */ = {
			isa = XCBuildConfiguration;
			baseConfigurationReference = 8100F6AA6939638CF789E3B4 /* Pods-RandomUser-Inc.Tests.debug.xcconfig */;
			buildSettings = {
				ALWAYS_EMBED_SWIFT_STANDARD_LIBRARIES = YES;
				BUNDLE_LOADER = "$(TEST_HOST)";
				CODE_SIGN_STYLE = Automatic;
				CURRENT_PROJECT_VERSION = 1;
				DEVELOPMENT_TEAM = 99U94D6VXV;
				GENERATE_INFOPLIST_FILE = YES;
				IPHONEOS_DEPLOYMENT_TARGET = 15.4;
				MARKETING_VERSION = 1.0;
				PRODUCT_BUNDLE_IDENTIFIER = "com.pvallsortiz.RandomUser-Inc-Tests";
				PRODUCT_NAME = "$(TARGET_NAME)";
				SWIFT_EMIT_LOC_STRINGS = NO;
				SWIFT_VERSION = 5.0;
				TARGETED_DEVICE_FAMILY = "1,2";
				TEST_HOST = "$(BUILT_PRODUCTS_DIR)/RandomUser-Inc..app/RandomUser-Inc.";
			};
			name = Debug;
		};
		BCE0D99F27F6D6AC00CDBB6C /* Release */ = {
			isa = XCBuildConfiguration;
			baseConfigurationReference = C0729737965872C4D7E01C24 /* Pods-RandomUser-Inc.Tests.release.xcconfig */;
			buildSettings = {
				ALWAYS_EMBED_SWIFT_STANDARD_LIBRARIES = YES;
				BUNDLE_LOADER = "$(TEST_HOST)";
				CODE_SIGN_STYLE = Automatic;
				CURRENT_PROJECT_VERSION = 1;
				DEVELOPMENT_TEAM = 99U94D6VXV;
				GENERATE_INFOPLIST_FILE = YES;
				IPHONEOS_DEPLOYMENT_TARGET = 15.4;
				MARKETING_VERSION = 1.0;
				PRODUCT_BUNDLE_IDENTIFIER = "com.pvallsortiz.RandomUser-Inc-Tests";
				PRODUCT_NAME = "$(TARGET_NAME)";
				SWIFT_EMIT_LOC_STRINGS = NO;
				SWIFT_VERSION = 5.0;
				TARGETED_DEVICE_FAMILY = "1,2";
				TEST_HOST = "$(BUILT_PRODUCTS_DIR)/RandomUser-Inc..app/RandomUser-Inc.";
			};
			name = Release;
		};
		BCE0D9A127F6D6AC00CDBB6C /* Debug */ = {
			isa = XCBuildConfiguration;
			baseConfigurationReference = 7EE6385E4A060E1D574D93B5 /* Pods-RandomUser-Inc.-RandomUser-Inc.UITests.debug.xcconfig */;
			buildSettings = {
				ALWAYS_EMBED_SWIFT_STANDARD_LIBRARIES = YES;
				CODE_SIGN_STYLE = Automatic;
				CURRENT_PROJECT_VERSION = 1;
				DEVELOPMENT_TEAM = 99U94D6VXV;
				GENERATE_INFOPLIST_FILE = YES;
				MARKETING_VERSION = 1.0;
				PRODUCT_BUNDLE_IDENTIFIER = "com.pvallsortiz.RandomUser-Inc-UITests";
				PRODUCT_NAME = "$(TARGET_NAME)";
				SWIFT_EMIT_LOC_STRINGS = NO;
				SWIFT_VERSION = 5.0;
				TARGETED_DEVICE_FAMILY = "1,2";
				TEST_TARGET_NAME = "RandomUser-Inc.";
			};
			name = Debug;
		};
		BCE0D9A227F6D6AC00CDBB6C /* Release */ = {
			isa = XCBuildConfiguration;
			baseConfigurationReference = 17F3065E3CE5F2F91D410232 /* Pods-RandomUser-Inc.-RandomUser-Inc.UITests.release.xcconfig */;
			buildSettings = {
				ALWAYS_EMBED_SWIFT_STANDARD_LIBRARIES = YES;
				CODE_SIGN_STYLE = Automatic;
				CURRENT_PROJECT_VERSION = 1;
				DEVELOPMENT_TEAM = 99U94D6VXV;
				GENERATE_INFOPLIST_FILE = YES;
				MARKETING_VERSION = 1.0;
				PRODUCT_BUNDLE_IDENTIFIER = "com.pvallsortiz.RandomUser-Inc-UITests";
				PRODUCT_NAME = "$(TARGET_NAME)";
				SWIFT_EMIT_LOC_STRINGS = NO;
				SWIFT_VERSION = 5.0;
				TARGETED_DEVICE_FAMILY = "1,2";
				TEST_TARGET_NAME = "RandomUser-Inc.";
			};
			name = Release;
		};
/* End XCBuildConfiguration section */

/* Begin XCConfigurationList section */
		BCE0D96B27F6D6A900CDBB6C /* Build configuration list for PBXProject "RandomUser-Inc." */ = {
			isa = XCConfigurationList;
			buildConfigurations = (
				BCE0D99827F6D6AC00CDBB6C /* Debug */,
				BCE0D99927F6D6AC00CDBB6C /* Release */,
			);
			defaultConfigurationIsVisible = 0;
			defaultConfigurationName = Release;
		};
		BCE0D99A27F6D6AC00CDBB6C /* Build configuration list for PBXNativeTarget "RandomUser-Inc." */ = {
			isa = XCConfigurationList;
			buildConfigurations = (
				BCE0D99B27F6D6AC00CDBB6C /* Debug */,
				BCE0D99C27F6D6AC00CDBB6C /* Release */,
			);
			defaultConfigurationIsVisible = 0;
			defaultConfigurationName = Release;
		};
		BCE0D99D27F6D6AC00CDBB6C /* Build configuration list for PBXNativeTarget "RandomUser-Inc.Tests" */ = {
			isa = XCConfigurationList;
			buildConfigurations = (
				BCE0D99E27F6D6AC00CDBB6C /* Debug */,
				BCE0D99F27F6D6AC00CDBB6C /* Release */,
			);
			defaultConfigurationIsVisible = 0;
			defaultConfigurationName = Release;
		};
		BCE0D9A027F6D6AC00CDBB6C /* Build configuration list for PBXNativeTarget "RandomUser-Inc.UITests" */ = {
			isa = XCConfigurationList;
			buildConfigurations = (
				BCE0D9A127F6D6AC00CDBB6C /* Debug */,
				BCE0D9A227F6D6AC00CDBB6C /* Release */,
			);
			defaultConfigurationIsVisible = 0;
			defaultConfigurationName = Release;
		};
/* End XCConfigurationList section */
	};
	rootObject = BCE0D96827F6D6A900CDBB6C /* Project object */;
}
